
Microsoft Visual Studio Solution File, Format Version 12.00
# Visual Studio 15
VisualStudioVersion = 15.0.26730.8
MinimumVisualStudioVersion = 10.0.40219.1
Project("{FAE04EC0-301F-11D3-BF4B-00C04F79EFBC}") = "CodeKata_Projects", "CodeKata_Projects.csproj", "{113195C0-A65A-4075-8AD2-518E326D1B6E}"
EndProject
Global
	GlobalSection(SolutionConfigurationPlatforms) = preSolution
		Debug|Any CPU = Debug|Any CPU
		Release|Any CPU = Release|Any CPU
	EndGlobalSection
	GlobalSection(ProjectConfigurationPlatforms) = postSolution
		{113195C0-A65A-4075-8AD2-518E326D1B6E}.Debug|Any CPU.ActiveCfg = Debug|Any CPU
		{113195C0-A65A-4075-8AD2-518E326D1B6E}.Debug|Any CPU.Build.0 = Debug|Any CPU
		{113195C0-A65A-4075-8AD2-518E326D1B6E}.Release|Any CPU.ActiveCfg = Release|Any CPU
		{113195C0-A65A-4075-8AD2-518E326D1B6E}.Release|Any CPU.Build.0 = Release|Any CPU
	EndGlobalSection
	GlobalSection(SolutionProperties) = preSolution
		HideSolutionNode = FALSE
	EndGlobalSection
	GlobalSection(ExtensibilityGlobals) = postSolution
		SolutionGuid = {12FD1474-0685-4315-B3D4-6C48B9422853}
	EndGlobalSection
EndGlobal
